// !$*UTF8*$!
{
	archiveVersion = 1;
	classes = {
	};
	objectVersion = 56;
	objects = {

/* Begin PBXBuildFile section */
		A10000000000000000000001 /* MetraCompanionApp.swift in Sources */ = {isa = PBXBuildFile; fileRef = A20000000000000000000001 /* MetraCompanionApp.swift */; };
		A1000000000000000000000D /* MetraBrand.swift in Sources */ = {isa = PBXBuildFile; fileRef = A2000000000000000000000D /* MetraBrand.swift */; };
		A10000000000000000000002 /* RootTabView.swift in Sources */ = {isa = PBXBuildFile; fileRef = A20000000000000000000002 /* RootTabView.swift */; };
		A10000000000000000000003 /* SessionModels.swift in Sources */ = {isa = PBXBuildFile; fileRef = A20000000000000000000003 /* SessionModels.swift */; };
		A10000000000000000000004 /* AskClient.swift in Sources */ = {isa = PBXBuildFile; fileRef = A20000000000000000000004 /* AskClient.swift */; };
		A10000000000000000000005 /* OpsAskClient.swift in Sources */ = {isa = PBXBuildFile; fileRef = A20000000000000000000005 /* OpsAskClient.swift */; };
		A10000000000000000000006 /* DeviceTokenStore.swift in Sources */ = {isa = PBXBuildFile; fileRef = A20000000000000000000006 /* DeviceTokenStore.swift */; };
		A10000000000000000000007 /* AttendView.swift in Sources */ = {isa = PBXBuildFile; fileRef = A20000000000000000000007 /* AttendView.swift */; };
		A1000000000000000000000C /* PresenceChrome.swift in Sources */ = {isa = PBXBuildFile; fileRef = A2000000000000000000000C /* PresenceChrome.swift */; };
		A10000000000000000000008 /* ChatView.swift in Sources */ = {isa = PBXBuildFile; fileRef = A20000000000000000000008 /* ChatView.swift */; };
		A10000000000000000000009 /* SettingsView.swift in Sources */ = {isa = PBXBuildFile; fileRef = A20000000000000000000009 /* SettingsView.swift */; };
		A1000000000000000000000A /* Assets.xcassets in Resources */ = {isa = PBXBuildFile; fileRef = A2000000000000000000000A /* Assets.xcassets */; };
/* End PBXBuildFile section */

/* Begin PBXFileReference section */
		A20000000000000000000001 /* MetraCompanionApp.swift */ = {isa = PBXFileReference; lastKnownFileType = sourcecode.swift; path = MetraCompanionApp.swift; sourceTree = "<group>"; };
		A2000000000000000000000D /* MetraBrand.swift */ = {isa = PBXFileReference; lastKnownFileType = sourcecode.swift; path = MetraBrand.swift; sourceTree = "<group>"; };
		A20000000000000000000002 /* RootTabView.swift */ = {isa = PBXFileReference; lastKnownFileType = sourcecode.swift; path = RootTabView.swift; sourceTree = "<group>"; };
		A20000000000000000000003 /* SessionModels.swift */ = {isa = PBXFileReference; lastKnownFileType = sourcecode.swift; path = SessionModels.swift; sourceTree = "<group>"; };
		A20000000000000000000004 /* AskClient.swift */ = {isa = PBXFileReference; lastKnownFileType = sourcecode.swift; path = AskClient.swift; sourceTree = "<group>"; };
		A20000000000000000000005 /* OpsAskClient.swift */ = {isa = PBXFileReference; lastKnownFileType = sourcecode.swift; path = OpsAskClient.swift; sourceTree = "<group>"; };
		A20000000000000000000006 /* DeviceTokenStore.swift */ = {isa = PBXFileReference; lastKnownFileType = sourcecode.swift; path = DeviceTokenStore.swift; sourceTree = "<group>"; };
		A20000000000000000000007 /* AttendView.swift */ = {isa = PBXFileReference; lastKnownFileType = sourcecode.swift; path = AttendView.swift; sourceTree = "<group>"; };
		A2000000000000000000000C /* PresenceChrome.swift */ = {isa = PBXFileReference; lastKnownFileType = sourcecode.swift; path = PresenceChrome.swift; sourceTree = "<group>"; };
		A20000000000000000000008 /* ChatView.swift */ = {isa = PBXFileReference; lastKnownFileType = sourcecode.swift; path = ChatView.swift; sourceTree = "<group>"; };
		A20000000000000000000009 /* SettingsView.swift */ = {isa = PBXFileReference; lastKnownFileType = sourcecode.swift; path = SettingsView.swift; sourceTree = "<group>"; };
		A2000000000000000000000A /* Assets.xcassets */ = {isa = PBXFileReference; lastKnownFileType = folder.assetcatalog; path = Assets.xcassets; sourceTree = "<group>"; };
		A2000000000000000000000B /* Info.plist */ = {isa = PBXFileReference; lastKnownFileType = text.plist.xml; path = Info.plist; sourceTree = "<group>"; };
		A30000000000000000000001 /* MetraCompanion.app */ = {isa = PBXFileReference; explicitFileType = wrapper.application; includeInIndex = 0; path = MetraCompanion.app; sourceTree = BUILT_PRODUCTS_DIR; };
/* End PBXFileReference section */

/* Begin PBXFrameworksBuildPhase section */
		A40000000000000000000001 /* Frameworks */ = {
			isa = PBXFrameworksBuildPhase;
			buildActionMask = 2147483647;
			files = (
			);
			runOnlyForDeploymentPostprocessing = 0;
		};
/* End PBXFrameworksBuildPhase section */

/* Begin PBXGroup section */
		A50000000000000000000001 = {
			isa = PBXGroup;
			children = (
				A50000000000000000000002 /* MetraCompanion */,
				A50000000000000000000003 /* Products */,
			);
			sourceTree = "<group>";
		};
		A50000000000000000000002 /* MetraCompanion */ = {
			isa = PBXGroup;
			children = (
				A20000000000000000000001 /* MetraCompanionApp.swift */,
				A2000000000000000000000D /* MetraBrand.swift */,
				A20000000000000000000002 /* RootTabView.swift */,
				A50000000000000000000004 /* Models */,
				A50000000000000000000005 /* Services */,
				A50000000000000000000006 /* Views */,
				A2000000000000000000000A /* Assets.xcassets */,
				A2000000000000000000000B /* Info.plist */,
			);
			path = MetraCompanion;
			sourceTree = "<group>";
		};
		A50000000000000000000003 /* Products */ = {
			isa = PBXGroup;
			children = (
				A30000000000000000000001 /* MetraCompanion.app */,
			);
			name = Products;
			sourceTree = "<group>";
		};
		A50000000000000000000004 /* Models */ = {
			isa = PBXGroup;
			children = (
				A20000000000000000000003 /* SessionModels.swift */,
			);
			path = Models;
			sourceTree = "<group>";
		};
		A50000000000000000000005 /* Services */ = {
			isa = PBXGroup;
			children = (
				A20000000000000000000004 /* AskClient.swift */,
				A20000000000000000000005 /* OpsAskClient.swift */,
				A20000000000000000000006 /* DeviceTokenStore.swift */,
			);
			path = Services;
			sourceTree = "<group>";
		};
		A50000000000000000000006 /* Views */ = {
			isa = PBXGroup;
			children = (
				A2000000000000000000000C /* PresenceChrome.swift */,
				A20000000000000000000007 /* AttendView.swift */,
				A20000000000000000000008 /* ChatView.swift */,
				A20000000000000000000009 /* SettingsView.swift */,
			);
			path = Views;
			sourceTree = "<group>";
		};
/* End PBXGroup section */

/* Begin PBXNativeTarget section */
		A60000000000000000000001 /* MetraCompanion */ = {
			isa = PBXNativeTarget;
			buildConfigurationList = A80000000000000000000003 /* Build configuration list for PBXNativeTarget "MetraCompanion" */;
			buildPhases = (
				A70000000000000000000001 /* Sources */,
				A40000000000000000000001 /* Frameworks */,
				A70000000000000000000002 /* Resources */,
			);
			buildRules = (
			);
			dependencies = (
			);
			name = MetraCompanion;
			productName = MetraCompanion;
			productReference = A30000000000000000000001 /* MetraCompanion.app */;
			productType = "com.apple.product-type.application";
		};
/* End PBXNativeTarget section */

/* Begin PBXProject section */
		A90000000000000000000001 /* Project object */ = {
			isa = PBXProject;
			attributes = {
				BuildIndependentTargetsInParallel = 1;
				LastSwiftUpdateCheck = 1600;
				LastUpgradeCheck = 1600;
				TargetAttributes = {
					A60000000000000000000001 = {
						CreatedOnToolsVersion = 16.0;
					};
				};
			};
			buildConfigurationList = A80000000000000000000001 /* Build configuration list for PBXProject "MetraCompanion" */;
			compatibilityVersion = "Xcode 14.0";
			developmentRegion = en;
			hasScannedForEncodings = 0;
			knownRegions = (
				en,
				Base,
			);
			mainGroup = A50000000000000000000001;
			productRefGroup = A50000000000000000000003 /* Products */;
			projectDirPath = "";
			projectRoot = "";
			targets = (
				A60000000000000000000001 /* MetraCompanion */,
			);
		};
/* End PBXProject section */

/* Begin PBXResourcesBuildPhase section */
		A70000000000000000000002 /* Resources */ = {
			isa = PBXResourcesBuildPhase;
			buildActionMask = 2147483647;
			files = (
				A1000000000000000000000A /* Assets.xcassets in Resources */,
			);
			runOnlyForDeploymentPostprocessing = 0;
		};
/* End PBXResourcesBuildPhase section */

/* Begin PBXSourcesBuildPhase section */
		A70000000000000000000001 /* Sources */ = {
			isa = PBXSourcesBuildPhase;
			buildActionMask = 2147483647;
			files = (
				A10000000000000000000001 /* MetraCompanionApp.swift in Sources */,
				A1000000000000000000000D /* MetraBrand.swift in Sources */,
				A10000000000000000000002 /* RootTabView.swift in Sources */,
				A10000000000000000000003 /* SessionModels.swift in Sources */,
				A10000000000000000000004 /* AskClient.swift in Sources */,
				A10000000000000000000005 /* OpsAskClient.swift in Sources */,
				A10000000000000000000006 /* DeviceTokenStore.swift in Sources */,
				A1000000000000000000000C /* PresenceChrome.swift in Sources */,
				A10000000000000000000007 /* AttendView.swift in Sources */,
				A10000000000000000000008 /* ChatView.swift in Sources */,
				A10000000000000000000009 /* SettingsView.swift in Sources */,
			);
			runOnlyForDeploymentPostprocessing = 0;
		};
/* End PBXSourcesBuildPhase section */

/* Begin XCBuildConfiguration section */
		A80000000000000000000011 /* Debug */ = {
			isa = XCBuildConfiguration;
			buildSettings = {
				ALWAYS_SEARCH_USER_PATHS = NO;
				CLANG_ENABLE_MODULES = YES;
				COPY_PHASE_STRIP = NO;
				DEBUG_INFORMATION_FORMAT = dwarf;
				ENABLE_TESTABILITY = YES;
				GCC_DYNAMIC_NO_PIC = NO;
				IPHONEOS_DEPLOYMENT_TARGET = 18.0;
				ONLY_ACTIVE_ARCH = YES;
				SDKROOT = iphoneos;
				SWIFT_ACTIVE_COMPILATION_CONDITIONS = DEBUG;
				SWIFT_OPTIMIZATION_LEVEL = "-Onone";
				SWIFT_VERSION = 6.0;
			};
			name = Debug;
		};
		A80000000000000000000012 /* Release */ = {
			isa = XCBuildConfiguration;
			buildSettings = {
				ALWAYS_SEARCH_USER_PATHS = NO;
				CLANG_ENABLE_MODULES = YES;
				COPY_PHASE_STRIP = NO;
				DEBUG_INFORMATION_FORMAT = "dwarf-with-dsym";
				IPHONEOS_DEPLOYMENT_TARGET = 18.0;
				SDKROOT = iphoneos;
				SWIFT_COMPILATION_MODE = wholemodule;
				SWIFT_VERSION = 6.0;
				VALIDATE_PRODUCT = YES;
			};
			name = Release;
		};
		A80000000000000000000021 /* Debug */ = {
			isa = XCBuildConfiguration;
			buildSettings = {
				ASSETCATALOG_COMPILER_APPICON_NAME = AppIcon;
				CODE_SIGNING_ALLOWED = YES;
				CODE_SIGN_STYLE = Automatic;
				CURRENT_PROJECT_VERSION = 1;
				DEVELOPMENT_TEAM = "642GT45K9V";
				ENABLE_PREVIEWS = YES;
				GENERATE_INFOPLIST_FILE = YES;
				INFOPLIST_FILE = MetraCompanion/Info.plist;
				INFOPLIST_KEY_CFBundleDisplayName = Metra;
				INFOPLIST_KEY_UIApplicationSceneManifest_Generation = YES;
				INFOPLIST_KEY_UILaunchScreen_Generation = YES;
				LD_RUNPATH_SEARCH_PATHS = (
					"$(inherited)",
					"@executable_path/Frameworks",
				);
				MARKETING_VERSION = 0.1.0;
				PRODUCT_BUNDLE_IDENTIFIER = app.metra.companion;
				PRODUCT_NAME = "$(TARGET_NAME)";
				SUPPORTED_PLATFORMS = "iphoneos iphonesimulator";
				SUPPORTS_MACCATALYST = NO;
				SWIFT_EMIT_LOC_STRINGS = YES;
				SWIFT_VERSION = 6.0;
				TARGETED_DEVICE_FAMILY = "1,2";
			};
			name = Debug;
		};
		A80000000000000000000022 /* Release */ = {
			isa = XCBuildConfiguration;
			buildSettings = {
				ASSETCATALOG_COMPILER_APPICON_NAME = AppIcon;
				CODE_SIGNING_ALLOWED = YES;
				CODE_SIGN_STYLE = Automatic;
				CURRENT_PROJECT_VERSION = 1;
				DEVELOPMENT_TEAM = "642GT45K9V";
				ENABLE_PREVIEWS = YES;
				GENERATE_INFOPLIST_FILE = YES;
				INFOPLIST_FILE = MetraCompanion/Info.plist;
				INFOPLIST_KEY_CFBundleDisplayName = Metra;
				INFOPLIST_KEY_UIApplicationSceneManifest_Generation = YES;
				INFOPLIST_KEY_UILaunchScreen_Generation = YES;
				LD_RUNPATH_SEARCH_PATHS = (
					"$(inherited)",
					"@executable_path/Frameworks",
				);
				MARKETING_VERSION = 0.1.0;
				PRODUCT_BUNDLE_IDENTIFIER = app.metra.companion;
				PRODUCT_NAME = "$(TARGET_NAME)";
				SUPPORTED_PLATFORMS = "iphoneos iphonesimulator";
				SUPPORTS_MACCATALYST = NO;
				SWIFT_EMIT_LOC_STRINGS = YES;
				SWIFT_VERSION = 6.0;
				TARGETED_DEVICE_FAMILY = "1,2";
			};
			name = Release;
		};
/* End XCBuildConfiguration section */

/* Begin XCConfigurationList section */
		A80000000000000000000001 /* Build configuration list for PBXProject "MetraCompanion" */ = {
			isa = XCConfigurationList;
			buildConfigurations = (
				A80000000000000000000011 /* Debug */,
				A80000000000000000000012 /* Release */,
			);
			defaultConfigurationIsVisible = 0;
			defaultConfigurationName = Release;
		};
		A80000000000000000000003 /* Build configuration list for PBXNativeTarget "MetraCompanion" */ = {
			isa = XCConfigurationList;
			buildConfigurations = (
				A80000000000000000000021 /* Debug */,
				A80000000000000000000022 /* Release */,
			);
			defaultConfigurationIsVisible = 0;
			defaultConfigurationName = Release;
		};
/* End XCConfigurationList section */
	};
	rootObject = A90000000000000000000001 /* Project object */;
}
